// !$*UTF8*$!
{
	archiveVersion = 1;
	classes = {
	};
	objectVersion = 55;
	objects = {

/* Begin PBXBuildFile section */
		D679BB1D275F89E30045C3E7 /* AppDelegate.swift in Sources */ = {isa = PBXBuildFile; fileRef = D679BB1C275F89E30045C3E7 /* AppDelegate.swift */; };
		D679BB1F275F89E30045C3E7 /* SceneDelegate.swift in Sources */ = {isa = PBXBuildFile; fileRef = D679BB1E275F89E30045C3E7 /* SceneDelegate.swift */; };
		D679BB24275F89E30045C3E7 /* Main.storyboard in Resources */ = {isa = PBXBuildFile; fileRef = D679BB22275F89E30045C3E7 /* Main.storyboard */; };
		D679BB26275F89EA0045C3E7 /* Assets.xcassets in Resources */ = {isa = PBXBuildFile; fileRef = D679BB25275F89EA0045C3E7 /* Assets.xcassets */; };
		D679BB29275F89EA0045C3E7 /* LaunchScreen.storyboard in Resources */ = {isa = PBXBuildFile; fileRef = D679BB27275F89EA0045C3E7 /* LaunchScreen.storyboard */; };
		D679BB31275F8DE40045C3E7 /* SearchLocationTableViewController.swift in Sources */ = {isa = PBXBuildFile; fileRef = D679BB30275F8DE30045C3E7 /* SearchLocationTableViewController.swift */; };
/* End PBXBuildFile section */

/* Begin PBXFileReference section */
		D679BB19275F89E30045C3E7 /* Homework34Latitude&Longitude.app */ = {isa = PBXFileReference; explicitFileType = wrapper.application; includeInIndex = 0; path = "Homework34Latitude&Longitude.app"; sourceTree = BUILT_PRODUCTS_DIR; };
		D679BB1C275F89E30045C3E7 /* AppDelegate.swift */ = {isa = PBXFileReference; lastKnownFileType = sourcecode.swift; path = AppDelegate.swift; sourceTree = "<group>"; };
		D679BB1E275F89E30045C3E7 /* SceneDelegate.swift */ = {isa = PBXFileReference; lastKnownFileType = sourcecode.swift; path = SceneDelegate.swift; sourceTree = "<group>"; };
		D679BB23275F89E30045C3E7 /* Base */ = {isa = PBXFileReference; lastKnownFileType = file.storyboard; name = Base; path = Base.lproj/Main.storyboard; sourceTree = "<group>"; };
		D679BB25275F89EA0045C3E7 /* Assets.xcassets */ = {isa = PBXFileReference; lastKnownFileType = folder.assetcatalog; path = Assets.xcassets; sourceTree = "<group>"; };
		D679BB28275F89EA0045C3E7 /* Base */ = {isa = PBXFileReference; lastKnownFileType = file.storyboard; name = Base; path = Base.lproj/LaunchScreen.storyboard; sourceTree = "<group>"; };
		D679BB2A275F89EA0045C3E7 /* Info.plist */ = {isa = PBXFileReference; lastKnownFileType = text.plist.xml; path = Info.plist; sourceTree = "<group>"; };
		D679BB30275F8DE30045C3E7 /* SearchLocationTableViewController.swift */ = {isa = PBXFileReference; lastKnownFileType = sourcecode.swift; path = SearchLocationTableViewController.swift; sourceTree = "<group>"; };
/* End PBXFileReference section */

/* Begin PBXFrameworksBuildPhase section */
		D679BB16275F89E30045C3E7 /* Frameworks */ = {
			isa = PBXFrameworksBuildPhase;
			buildActionMask = 2147483647;
			files = (
			);
			runOnlyForDeploymentPostprocessing = 0;
		};
/* End PBXFrameworksBuildPhase section */

/* Begin PBXGroup section */
		D679BB10275F89E30045C3E7 = {
			isa = PBXGroup;
			children = (
				D679BB1B275F89E30045C3E7 /* Homework34Latitude&Longitude */,
				D679BB1A275F89E30045C3E7 /* Products */,
			);
			sourceTree = "<group>";
		};
		D679BB1A275F89E30045C3E7 /* Products */ = {
			isa = PBXGroup;
			children = (
				D679BB19275F89E30045C3E7 /* Homework34Latitude&Longitude.app */,
			);
			name = Products;
			sourceTree = "<group>";
		};
		D679BB1B275F89E30045C3E7 /* Homework34Latitude&Longitude */ = {
			isa = PBXGroup;
			children = (
				D679BB1C275F89E30045C3E7 /* AppDelegate.swift */,
				D679BB1E275F89E30045C3E7 /* SceneDelegate.swift */,
				D679BB22275F89E30045C3E7 /* Main.storyboard */,
				D679BB30275F8DE30045C3E7 /* SearchLocationTableViewController.swift */,
				D679BB25275F89EA0045C3E7 /* Assets.xcassets */,
				D679BB27275F89EA0045C3E7 /* LaunchScreen.storyboard */,
				D679BB2A275F89EA0045C3E7 /* Info.plist */,
			);
			path = "Homework34Latitude&Longitude";
			sourceTree = "<group>";
		};
/* End PBXGroup section */

/* Begin PBXNativeTarget section */
		D679BB18275F89E30045C3E7 /* Homework34Latitude&Longitude */ = {
			isa = PBXNativeTarget;
			buildConfigurationList = D679BB2D275F89EA0045C3E7 /* Build configuration list for PBXNativeTarget "Homework34Latitude&Longitude" */;
			buildPhases = (
				D679BB15275F89E30045C3E7 /* Sources */,
				D679BB16275F89E30045C3E7 /* Frameworks */,
				D679BB17275F89E30045C3E7 /* Resources */,
			);
			buildRules = (
			);
			dependencies = (
			);
			name = "Homework34Latitude&Longitude";
			productName = "Homework34Latitude&Longitude";
			productReference = D679BB19275F89E30045C3E7 /* Homework34Latitude&Longitude.app */;
			productType = "com.apple.product-type.application";
		};
/* End PBXNativeTarget section */

/* Begin PBXProject section */
		D679BB11275F89E30045C3E7 /* Project object */ = {
			isa = PBXProject;
			attributes = {
				BuildIndependentTargetsInParallel = 1;
				LastSwiftUpdateCheck = 1310;
				LastUpgradeCheck = 1310;
				TargetAttributes = {
					D679BB18275F89E30045C3E7 = {
						CreatedOnToolsVersion = 13.1;
					};
				};
			};
			buildConfigurationList = D679BB14275F89E30045C3E7 /* Build configuration list for PBXProject "Homework34Latitude&Longitude" */;
			compatibilityVersion = "Xcode 13.0";
			developmentRegion = en;
			hasScannedForEncodings = 0;
			knownRegions = (
				en,
				Base,
			);
			mainGroup = D679BB10275F89E30045C3E7;
			productRefGroup = D679BB1A275F89E30045C3E7 /* Products */;
			projectDirPath = "";
			projectRoot = "";
			targets = (
				D679BB18275F89E30045C3E7 /* Homework34Latitude&Longitude */,
			);
		};
/* End PBXProject section */

/* Begin PBXResourcesBuildPhase section */
		D679BB17275F89E30045C3E7 /* Resources */ = {
			isa = PBXResourcesBuildPhase;
			buildActionMask = 2147483647;
			files = (
				D679BB29275F89EA0045C3E7 /* LaunchScreen.storyboard in Resources */,
				D679BB26275F89EA0045C3E7 /* Assets.xcassets in Resources */,
				D679BB24275F89E30045C3E7 /* Main.storyboard in Resources */,
			);
			runOnlyForDeploymentPostprocessing = 0;
		};
/* End PBXResourcesBuildPhase section */

/* Begin PBXSourcesBuildPhase section */
		D679BB15275F89E30045C3E7 /* Sources */ = {
			isa = PBXSourcesBuildPhase;
			buildActionMask = 2147483647;
			files = (
				D679BB31275F8DE40045C3E7 /* SearchLocationTableViewController.swift in Sources */,
				D679BB1D275F89E30045C3E7 /* AppDelegate.swift in Sources */,
				D679BB1F275F89E30045C3E7 /* SceneDelegate.swift in Sources */,
			);
			runOnlyForDeploymentPostprocessing = 0;
		};
/* End PBXSourcesBuildPhase section */

/* Begin PBXVariantGroup section */
		D679BB22275F89E30045C3E7 /* Main.storyboard */ = {
			isa = PBXVariantGroup;
			children = (
				D679BB23275F89E30045C3E7 /* Base */,
			);
			name = Main.storyboard;
			sourceTree = "<group>";
		};
		D679BB27275F89EA0045C3E7 /* LaunchScreen.storyboard */ = {
			isa = PBXVariantGroup;
			children = (
				D679BB28275F89EA0045C3E7 /* Base */,
			);
			name = LaunchScreen.storyboard;
			sourceTree = "<group>";
		};
/* End PBXVariantGroup section */

/* Begin XCBuildConfiguration section */
		D679BB2B275F89EA0045C3E7 /* Debug */ = {
			isa = XCBuildConfiguration;
			buildSettings = {
				ALWAYS_SEARCH_USER_PATHS = NO;
				CLANG_ANALYZER_NONNULL = YES;
				CLANG_ANALYZER_NUMBER_OBJECT_CONVERSION = YES_AGGRESSIVE;
				CLANG_CXX_LANGUAGE_STANDARD = "gnu++17";
				CLANG_CXX_LIBRARY = "libc++";
				CLANG_ENABLE_MODULES = YES;
				CLANG_ENABLE_OBJC_ARC = YES;
				CLANG_ENABLE_OBJC_WEAK = YES;
				CLANG_WARN_BLOCK_CAPTURE_AUTORELEASING = YES;
				CLANG_WARN_BOOL_CONVERSION = YES;
				CLANG_WARN_COMMA = YES;
				CLANG_WARN_CONSTANT_CONVERSION = YES;
				CLANG_WARN_DEPRECATED_OBJC_IMPLEMENTATIONS = YES;
				CLANG_WARN_DIRECT_OBJC_ISA_USAGE = YES_ERROR;
				CLANG_WARN_DOCUMENTATION_COMMENTS = YES;
				CLANG_WARN_EMPTY_BODY = YES;
				CLANG_WARN_ENUM_CONVERSION = YES;
				CLANG_WARN_INFINITE_RECURSION = YES;
				CLANG_WARN_INT_CONVERSION = YES;
				CLANG_WARN_NON_LITERAL_NULL_CONVERSION = YES;
				CLANG_WARN_OBJC_IMPLICIT_RETAIN_SELF = YES;
				CLANG_WARN_OBJC_LITERAL_CONVERSION = YES;
				CLANG_WARN_OBJC_ROOT_CLASS = YES_ERROR;
				CLANG_WARN_QUOTED_INCLUDE_IN_FRAMEWORK_HEADER = YES;
				CLANG_WARN_RANGE_LOOP_ANALYSIS = YES;
				CLANG_WARN_STRICT_PROTOTYPES = YES;
				CLANG_WARN_SUSPICIOUS_MOVE = YES;
				CLANG_WARN_UNGUARDED_AVAILABILITY = YES_AGGRESSIVE;
				CLANG_WARN_UNREACHABLE_CODE = YES;
				CLANG_WARN__DUPLICATE_METHOD_MATCH = YES;
				COPY_PHASE_STRIP = NO;
				DEBUG_INFORMATION_FORMAT = dwarf;
				ENABLE_STRICT_OBJC_MSGSEND = YES;
				ENABLE_TESTABILITY = YES;
				GCC_C_LANGUAGE_STANDARD = gnu11;
				GCC_DYNAMIC_NO_PIC = NO;
				GCC_NO_COMMON_BLOCKS = YES;
				GCC_OPTIMIZATION_LEVEL = 0;
				GCC_PREPROCESSOR_DEFINITIONS = (
					"DEBUG=1",
					"$(inherited)",
				);
				GCC_WARN_64_TO_32_BIT_CONVERSION = YES;
				GCC_WARN_ABOUT_RETURN_TYPE = YES_ERROR;
				GCC_WARN_UNDECLARED_SELECTOR = YES;
				GCC_WARN_UNINITIALIZED_AUTOS = YES_AGGRESSIVE;
				GCC_WARN_UNUSED_FUNCTION = YES;
				GCC_WARN_UNUSED_VARIABLE = YES;
				IPHONEOS_DEPLOYMENT_TARGET = 15.0;
				MTL_ENABLE_DEBUG_INFO = INCLUDE_SOURCE;
				MTL_FAST_MATH = YES;
				ONLY_ACTIVE_ARCH = YES;
				SDKROOT = iphoneos;
				SWIFT_ACTIVE_COMPILATION_CONDITIONS = DEBUG;
				SWIFT_OPTIMIZATION_LEVEL = "-Onone";
			};
			name = Debug;
		};
		D679BB2C275F89EA0045C3E7 /* Release */ = {
			isa = XCBuildConfiguration;
			buildSettings = {
				ALWAYS_SEARCH_USER_PATHS = NO;
				CLANG_ANALYZER_NONNULL = YES;
				CLANG_ANALYZER_NUMBER_OBJECT_CONVERSION = YES_AGGRESSIVE;
				CLANG_CXX_LANGUAGE_STANDARD = "gnu++17";
				CLANG_CXX_LIBRARY = "libc++";
				CLANG_ENABLE_MODULES = YES;
				CLANG_ENABLE_OBJC_ARC = YES;
				CLANG_ENABLE_OBJC_WEAK = YES;
				CLANG_WARN_BLOCK_CAPTURE_AUTORELEASING = YES;
				CLANG_WARN_BOOL_CONVERSION = YES;
				CLANG_WARN_COMMA = YES;
				CLANG_WARN_CONSTANT_CONVERSION = YES;
				CLANG_WARN_DEPRECATED_OBJC_IMPLEMENTATIONS = YES;
				CLANG_WARN_DIRECT_OBJC_ISA_USAGE = YES_ERROR;
				CLANG_WARN_DOCUMENTATION_COMMENTS = YES;
				CLANG_WARN_EMPTY_BODY = YES;
				CLANG_WARN_ENUM_CONVERSION = YES;
				CLANG_WARN_INFINITE_RECURSION = YES;
				CLANG_WARN_INT_CONVERSION = YES;
				CLANG_WARN_NON_LITERAL_NULL_CONVERSION = YES;
				CLANG_WARN_OBJC_IMPLICIT_RETAIN_SELF = YES;
				CLANG_WARN_OBJC_LITERAL_CONVERSION = YES;
				CLANG_WARN_OBJC_ROOT_CLASS = YES_ERROR;
				CLANG_WARN_QUOTED_INCLUDE_IN_FRAMEWORK_HEADER = YES;
				CLANG_WARN_RANGE_LOOP_ANALYSIS = YES;
				CLANG_WARN_STRICT_PROTOTYPES = YES;
				CLANG_WARN_SUSPICIOUS_MOVE = YES;
				CLANG_WARN_UNGUARDED_AVAILABILITY = YES_AGGRESSIVE;
				CLANG_WARN_UNREACHABLE_CODE = YES;
				CLANG_WARN__DUPLICATE_METHOD_MATCH = YES;
				COPY_PHASE_STRIP = NO;
				DEBUG_INFORMATION_FORMAT = "dwarf-with-dsym";
				ENABLE_NS_ASSERTIONS = NO;
				ENABLE_STRICT_OBJC_MSGSEND = YES;
				GCC_C_LANGUAGE_STANDARD = gnu11;
				GCC_NO_COMMON_BLOCKS = YES;
				GCC_WARN_64_TO_32_BIT_CONVERSION = YES;
				GCC_WARN_ABOUT_RETURN_TYPE = YES_ERROR;
				GCC_WARN_UNDECLARED_SELECTOR = YES;
				GCC_WARN_UNINITIALIZED_AUTOS = YES_AGGRESSIVE;
				GCC_WARN_UNUSED_FUNCTION = YES;
				GCC_WARN_UNUSED_VARIABLE = YES;
				IPHONEOS_DEPLOYMENT_TARGET = 15.0;
				MTL_ENABLE_DEBUG_INFO = NO;
				MTL_FAST_MATH = YES;
				SDKROOT = iphoneos;
				SWIFT_COMPILATION_MODE = wholemodule;
				SWIFT_OPTIMIZATION_LEVEL = "-O";
				VALIDATE_PRODUCT = YES;
			};
			name = Release;
		};
		D679BB2E275F89EA0045C3E7 /* Debug */ = {
			isa = XCBuildConfiguration;
			buildSettings = {
				ASSETCATALOG_COMPILER_APPICON_NAME = AppIcon;
				ASSETCATALOG_COMPILER_GLOBAL_ACCENT_COLOR_NAME = AccentColor;
				CODE_SIGN_STYLE = Automatic;
				CURRENT_PROJECT_VERSION = 1;
				DEVELOPMENT_TEAM = F25SU568R8;
				GENERATE_INFOPLIST_FILE = YES;
				INFOPLIST_FILE = "Homework34Latitude&Longitude/Info.plist";
				INFOPLIST_KEY_UIApplicationSupportsIndirectInputEvents = YES;
				INFOPLIST_KEY_UILaunchStoryboardName = LaunchScreen;
				INFOPLIST_KEY_UIMainStoryboardFile = Main;
				INFOPLIST_KEY_UISupportedInterfaceOrientations_iPad = "UIInterfaceOrientationPortrait UIInterfaceOrientationPortraitUpsideDown UIInterfaceOrientationLandscapeLeft UIInterfaceOrientationLandscapeRight";
				INFOPLIST_KEY_UISupportedInterfaceOrientations_iPhone = "UIInterfaceOrientationPortrait UIInterfaceOrientationLandscapeLeft UIInterfaceOrientationLandscapeRight";
				LD_RUNPATH_SEARCH_PATHS = (
					"$(inherited)",
					"@executable_path/Frameworks",
				);
				MARKETING_VERSION = 1.0;
				PRODUCT_BUNDLE_IDENTIFIER = "learnIOS.Homework34Latitude-Longitude";
				PRODUCT_NAME = "$(TARGET_NAME)";
				SWIFT_EMIT_LOC_STRINGS = YES;
				SWIFT_VERSION = 5.0;
				TARGETED_DEVICE_FAMILY = "1,2";
			};
			name = Debug;
		};
		D679BB2F275F89EA0045C3E7 /* Release */ = {
			isa = XCBuildConfiguration;
			buildSettings = {
				ASSETCATALOG_COMPILER_APPICON_NAME = AppIcon;
				ASSETCATALOG_COMPILER_GLOBAL_ACCENT_COLOR_NAME = AccentColor;
				CODE_SIGN_STYLE = Automatic;
				CURRENT_PROJECT_VERSION = 1;
				DEVELOPMENT_TEAM = F25SU568R8;
				GENERATE_INFOPLIST_FILE = YES;
				INFOPLIST_FILE = "Homework34Latitude&Longitude/Info.plist";
				INFOPLIST_KEY_UIApplicationSupportsIndirectInputEvents = YES;
				INFOPLIST_KEY_UILaunchStoryboardName = LaunchScreen;
				INFOPLIST_KEY_UIMainStoryboardFile = Main;
				INFOPLIST_KEY_UISupportedInterfaceOrientations_iPad = "UIInterfaceOrientationPortrait UIInterfaceOrientationPortraitUpsideDown UIInterfaceOrientationLandscapeLeft UIInterfaceOrientationLandscapeRight";
				INFOPLIST_KEY_UISupportedInterfaceOrientations_iPhone = "UIInterfaceOrientationPortrait UIInterfaceOrientationLandscapeLeft UIInterfaceOrientationLandscapeRight";
				LD_RUNPATH_SEARCH_PATHS = (
					"$(inherited)",
					"@executable_path/Frameworks",
				);
				MARKETING_VERSION = 1.0;
				PRODUCT_BUNDLE_IDENTIFIER = "learnIOS.Homework34Latitude-Longitude";
				PRODUCT_NAME = "$(TARGET_NAME)";
				SWIFT_EMIT_LOC_STRINGS = YES;
				SWIFT_VERSION = 5.0;
				TARGETED_DEVICE_FAMILY = "1,2";
			};
			name = Release;
		};
/* End XCBuildConfiguration section */

/* Begin XCConfigurationList section */
		D679BB14275F89E30045C3E7 /* Build configuration list for PBXProject "Homework34Latitude&Longitude" */ = {
			isa = XCConfigurationList;
			buildConfigurations = (
				D679BB2B275F89EA0045C3E7 /* Debug */,
				D679BB2C275F89EA0045C3E7 /* Release */,
			);
			defaultConfigurationIsVisible = 0;
			defaultConfigurationName = Release;
		};
		D679BB2D275F89EA0045C3E7 /* Build configuration list for PBXNativeTarget "Homework34Latitude&Longitude" */ = {
			isa = XCConfigurationList;
			buildConfigurations = (
				D679BB2E275F89EA0045C3E7 /* Debug */,
				D679BB2F275F89EA0045C3E7 /* Release */,
			);
			defaultConfigurationIsVisible = 0;
			defaultConfigurationName = Release;
		};
/* End XCConfigurationList section */
	};
	rootObject = D679BB11275F89E30045C3E7 /* Project object */;
}
